// !$*UTF8*$!
{
	archiveVersion = 1;
	classes = {
	};
	objectVersion = 46;
	objects = {

/* Begin PBXBuildFile section */
		3521E6001BD2BB91006D39BD /* AppDelegate.swift in Sources */ = {isa = PBXBuildFile; fileRef = 3521E5FF1BD2BB91006D39BD /* AppDelegate.swift */; };
		3521E6021BD2BB91006D39BD /* ViewController.swift in Sources */ = {isa = PBXBuildFile; fileRef = 3521E6011BD2BB91006D39BD /* ViewController.swift */; };
		3521E6051BD2BB91006D39BD /* Main.storyboard in Resources */ = {isa = PBXBuildFile; fileRef = 3521E6031BD2BB91006D39BD /* Main.storyboard */; };
		3521E6071BD2BB91006D39BD /* Assets.xcassets in Resources */ = {isa = PBXBuildFile; fileRef = 3521E6061BD2BB91006D39BD /* Assets.xcassets */; };
		3521E60A1BD2BB91006D39BD /* LaunchScreen.storyboard in Resources */ = {isa = PBXBuildFile; fileRef = 3521E6081BD2BB91006D39BD /* LaunchScreen.storyboard */; };
		3521E6121BD2BC35006D39BD /* ContainerViewController.swift in Sources */ = {isa = PBXBuildFile; fileRef = 3521E6111BD2BC35006D39BD /* ContainerViewController.swift */; settings = {ASSET_TAGS = (); }; };
		3521E6141BD2BD6E006D39BD /* SlideMenuViewController.swift in Sources */ = {isa = PBXBuildFile; fileRef = 3521E6131BD2BD6E006D39BD /* SlideMenuViewController.swift */; settings = {ASSET_TAGS = (); }; };
		3521E6161BD2C062006D39BD /* DyckMapViewController.swift in Sources */ = {isa = PBXBuildFile; fileRef = 3521E6151BD2C062006D39BD /* DyckMapViewController.swift */; settings = {ASSET_TAGS = (); }; };
		3521E6181BD2C169006D39BD /* DicksDriveIn.swift in Sources */ = {isa = PBXBuildFile; fileRef = 3521E6171BD2C169006D39BD /* DicksDriveIn.swift */; settings = {ASSET_TAGS = (); }; };
/* End PBXBuildFile section */

/* Begin PBXFileReference section */
		3521E5FC1BD2BB91006D39BD /* DycksSpecial.app */ = {isa = PBXFileReference; explicitFileType = wrapper.application; includeInIndex = 0; path = DycksSpecial.app; sourceTree = BUILT_PRODUCTS_DIR; };
		3521E5FF1BD2BB91006D39BD /* AppDelegate.swift */ = {isa = PBXFileReference; lastKnownFileType = sourcecode.swift; path = AppDelegate.swift; sourceTree = "<group>"; };
		3521E6011BD2BB91006D39BD /* ViewController.swift */ = {isa = PBXFileReference; lastKnownFileType = sourcecode.swift; path = ViewController.swift; sourceTree = "<group>"; };
		3521E6041BD2BB91006D39BD /* Base */ = {isa = PBXFileReference; lastKnownFileType = file.storyboard; name = Base; path = Base.lproj/Main.storyboard; sourceTree = "<group>"; };
		3521E6061BD2BB91006D39BD /* Assets.xcassets */ = {isa = PBXFileReference; lastKnownFileType = folder.assetcatalog; path = Assets.xcassets; sourceTree = "<group>"; };
		3521E6091BD2BB91006D39BD /* Base */ = {isa = PBXFileReference; lastKnownFileType = file.storyboard; name = Base; path = Base.lproj/LaunchScreen.storyboard; sourceTree = "<group>"; };
		3521E60B1BD2BB91006D39BD /* Info.plist */ = {isa = PBXFileReference; lastKnownFileType = text.plist.xml; path = Info.plist; sourceTree = "<group>"; };
		3521E6111BD2BC35006D39BD /* ContainerViewController.swift */ = {isa = PBXFileReference; fileEncoding = 4; lastKnownFileType = sourcecode.swift; path = ContainerViewController.swift; sourceTree = "<group>"; };
		3521E6131BD2BD6E006D39BD /* SlideMenuViewController.swift */ = {isa = PBXFileReference; fileEncoding = 4; lastKnownFileType = sourcecode.swift; path = SlideMenuViewController.swift; sourceTree = "<group>"; };
		3521E6151BD2C062006D39BD /* DyckMapViewController.swift */ = {isa = PBXFileReference; fileEncoding = 4; lastKnownFileType = sourcecode.swift; path = DyckMapViewController.swift; sourceTree = "<group>"; };
		3521E6171BD2C169006D39BD /* DicksDriveIn.swift */ = {isa = PBXFileReference; fileEncoding = 4; lastKnownFileType = sourcecode.swift; path = DicksDriveIn.swift; sourceTree = "<group>"; };
/* End PBXFileReference section */

/* Begin PBXFrameworksBuildPhase section */
		3521E5F91BD2BB91006D39BD /* Frameworks */ = {
			isa = PBXFrameworksBuildPhase;
			buildActionMask = 2147483647;
			files = (
			);
			runOnlyForDeploymentPostprocessing = 0;
		};
/* End PBXFrameworksBuildPhase section */

/* Begin PBXGroup section */
		3521E5F31BD2BB91006D39BD = {
			isa = PBXGroup;
			children = (
				3521E5FE1BD2BB91006D39BD /* DycksSpecial */,
				3521E5FD1BD2BB91006D39BD /* Products */,
			);
			sourceTree = "<group>";
		};
		3521E5FD1BD2BB91006D39BD /* Products */ = {
			isa = PBXGroup;
			children = (
				3521E5FC1BD2BB91006D39BD /* DycksSpecial.app */,
			);
			name = Products;
			sourceTree = "<group>";
		};
		3521E5FE1BD2BB91006D39BD /* DycksSpecial */ = {
			isa = PBXGroup;
			children = (
				3521E5FF1BD2BB91006D39BD /* AppDelegate.swift */,
				3521E6011BD2BB91006D39BD /* ViewController.swift */,
				3521E6031BD2BB91006D39BD /* Main.storyboard */,
				3521E6061BD2BB91006D39BD /* Assets.xcassets */,
				3521E6081BD2BB91006D39BD /* LaunchScreen.storyboard */,
				3521E60B1BD2BB91006D39BD /* Info.plist */,
				3521E6111BD2BC35006D39BD /* ContainerViewController.swift */,
				3521E6131BD2BD6E006D39BD /* SlideMenuViewController.swift */,
				3521E6151BD2C062006D39BD /* DyckMapViewController.swift */,
				3521E6171BD2C169006D39BD /* DicksDriveIn.swift */,
			);
			path = DycksSpecial;
			sourceTree = "<group>";
		};
/* End PBXGroup section */

/* Begin PBXNativeTarget section */
		3521E5FB1BD2BB91006D39BD /* DycksSpecial */ = {
			isa = PBXNativeTarget;
			buildConfigurationList = 3521E60E1BD2BB91006D39BD /* Build configuration list for PBXNativeTarget "DycksSpecial" */;
			buildPhases = (
				3521E5F81BD2BB91006D39BD /* Sources */,
				3521E5F91BD2BB91006D39BD /* Frameworks */,
				3521E5FA1BD2BB91006D39BD /* Resources */,
			);
			buildRules = (
			);
			dependencies = (
			);
			name = DycksSpecial;
			productName = DycksSpecial;
			productReference = 3521E5FC1BD2BB91006D39BD /* DycksSpecial.app */;
			productType = "com.apple.product-type.application";
		};
/* End PBXNativeTarget section */

/* Begin PBXProject section */
		3521E5F41BD2BB91006D39BD /* Project object */ = {
			isa = PBXProject;
			attributes = {
				LastUpgradeCheck = 0700;
				ORGANIZATIONNAME = "Evan Baumgardner";
				TargetAttributes = {
					3521E5FB1BD2BB91006D39BD = {
						CreatedOnToolsVersion = 7.0.1;
					};
				};
			};
			buildConfigurationList = 3521E5F71BD2BB91006D39BD /* Build configuration list for PBXProject "DycksSpecial" */;
			compatibilityVersion = "Xcode 3.2";
			developmentRegion = English;
			hasScannedForEncodings = 0;
			knownRegions = (
				en,
				Base,
			);
			mainGroup = 3521E5F31BD2BB91006D39BD;
			productRefGroup = 3521E5FD1BD2BB91006D39BD /* Products */;
			projectDirPath = "";
			projectRoot = "";
			targets = (
				3521E5FB1BD2BB91006D39BD /* DycksSpecial */,
			);
		};
/* End PBXProject section */

/* Begin PBXResourcesBuildPhase section */
		3521E5FA1BD2BB91006D39BD /* Resources */ = {
			isa = PBXResourcesBuildPhase;
			buildActionMask = 2147483647;
			files = (
				3521E60A1BD2BB91006D39BD /* LaunchScreen.storyboard in Resources */,
				3521E6071BD2BB91006D39BD /* Assets.xcassets in Resources */,
				3521E6051BD2BB91006D39BD /* Main.storyboard in Resources */,
			);
			runOnlyForDeploymentPostprocessing = 0;
		};
/* End PBXResourcesBuildPhase section */

/* Begin PBXSourcesBuildPhase section */
		3521E5F81BD2BB91006D39BD /* Sources */ = {
			isa = PBXSourcesBuildPhase;
			buildActionMask = 2147483647;
			files = (
				3521E6161BD2C062006D39BD /* DyckMapViewController.swift in Sources */,
				3521E6021BD2BB91006D39BD /* ViewController.swift in Sources */,
				3521E6121BD2BC35006D39BD /* ContainerViewController.swift in Sources */,
				3521E6141BD2BD6E006D39BD /* SlideMenuViewController.swift in Sources */,
				3521E6181BD2C169006D39BD /* DicksDriveIn.swift in Sources */,
				3521E6001BD2BB91006D39BD /* AppDelegate.swift in Sources */,
			);
			runOnlyForDeploymentPostprocessing = 0;
		};
/* End PBXSourcesBuildPhase section */

/* Begin PBXVariantGroup section */
		3521E6031BD2BB91006D39BD /* Main.storyboard */ = {
			isa = PBXVariantGroup;
			children = (
				3521E6041BD2BB91006D39BD /* Base */,
			);
			name = Main.storyboard;
			sourceTree = "<group>";
		};
		3521E6081BD2BB91006D39BD /* LaunchScreen.storyboard */ = {
			isa = PBXVariantGroup;
			children = (
				3521E6091BD2BB91006D39BD /* Base */,
			);
			name = LaunchScreen.storyboard;
			sourceTree = "<group>";
		};
/* End PBXVariantGroup section */

/* Begin XCBuildConfiguration section */
		3521E60C1BD2BB91006D39BD /* Debug */ = {
			isa = XCBuildConfiguration;
			buildSettings = {
				ALWAYS_SEARCH_USER_PATHS = NO;
				CLANG_CXX_LANGUAGE_STANDARD = "gnu++0x";
				CLANG_CXX_LIBRARY = "libc++";
				CLANG_ENABLE_MODULES = YES;
				CLANG_ENABLE_OBJC_ARC = YES;
				CLANG_WARN_BOOL_CONVERSION = YES;
				CLANG_WARN_CONSTANT_CONVERSION = YES;
				CLANG_WARN_DIRECT_OBJC_ISA_USAGE = YES_ERROR;
				CLANG_WARN_EMPTY_BODY = YES;
				CLANG_WARN_ENUM_CONVERSION = YES;
				CLANG_WARN_INT_CONVERSION = YES;
				CLANG_WARN_OBJC_ROOT_CLASS = YES_ERROR;
				CLANG_WARN_UNREACHABLE_CODE = YES;
				CLANG_WARN__DUPLICATE_METHOD_MATCH = YES;
				"CODE_SIGN_IDENTITY[sdk=iphoneos*]" = "iPhone Developer";
				COPY_PHASE_STRIP = NO;
				DEBUG_INFORMATION_FORMAT = dwarf;
				ENABLE_STRICT_OBJC_MSGSEND = YES;
				ENABLE_TESTABILITY = YES;
				GCC_C_LANGUAGE_STANDARD = gnu99;
				GCC_DYNAMIC_NO_PIC = NO;
				GCC_NO_COMMON_BLOCKS = YES;
				GCC_OPTIMIZATION_LEVEL = 0;
				GCC_PREPROCESSOR_DEFINITIONS = (
					"DEBUG=1",
					"$(inherited)",
				);
				GCC_WARN_64_TO_32_BIT_CONVERSION = YES;
				GCC_WARN_ABOUT_RETURN_TYPE = YES_ERROR;
				GCC_WARN_UNDECLARED_SELECTOR = YES;
				GCC_WARN_UNINITIALIZED_AUTOS = YES_AGGRESSIVE;
				GCC_WARN_UNUSED_FUNCTION = YES;
				GCC_WARN_UNUSED_VARIABLE = YES;
				IPHONEOS_DEPLOYMENT_TARGET = 9.0;
				MTL_ENABLE_DEBUG_INFO = YES;
				ONLY_ACTIVE_ARCH = YES;
				SDKROOT = iphoneos;
				SWIFT_OPTIMIZATION_LEVEL = "-Onone";
			};
			name = Debug;
		};
		3521E60D1BD2BB91006D39BD /* Release */ = {
			isa = XCBuildConfiguration;
			buildSettings = {
				ALWAYS_SEARCH_USER_PATHS = NO;
				CLANG_CXX_LANGUAGE_STANDARD = "gnu++0x";
				CLANG_CXX_LIBRARY = "libc++";
				CLANG_ENABLE_MODULES = YES;
				CLANG_ENABLE_OBJC_ARC = YES;
				CLANG_WARN_BOOL_CONVERSION = YES;
				CLANG_WARN_CONSTANT_CONVERSION = YES;
				CLANG_WARN_DIRECT_OBJC_ISA_USAGE = YES_ERROR;
				CLANG_WARN_EMPTY_BODY = YES;
				CLANG_WARN_ENUM_CONVERSION = YES;
				CLANG_WARN_INT_CONVERSION = YES;
				CLANG_WARN_OBJC_ROOT_CLASS = YES_ERROR;
				CLANG_WARN_UNREACHABLE_CODE = YES;
				CLANG_WARN__DUPLICATE_METHOD_MATCH = YES;
				"CODE_SIGN_IDENTITY[sdk=iphoneos*]" = "iPhone Developer";
				COPY_PHASE_STRIP = NO;
				DEBUG_INFORMATION_FORMAT = "dwarf-with-dsym";
				ENABLE_NS_ASSERTIONS = NO;
				ENABLE_STRICT_OBJC_MSGSEND = YES;
				GCC_C_LANGUAGE_STANDARD = gnu99;
				GCC_NO_COMMON_BLOCKS = YES;
				GCC_WARN_64_TO_32_BIT_CONVERSION = YES;
				GCC_WARN_ABOUT_RETURN_TYPE = YES_ERROR;
				GCC_WARN_UNDECLARED_SELECTOR = YES;
				GCC_WARN_UNINITIALIZED_AUTOS = YES_AGGRESSIVE;
				GCC_WARN_UNUSED_FUNCTION = YES;
				GCC_WARN_UNUSED_VARIABLE = YES;
				IPHONEOS_DEPLOYMENT_TARGET = 9.0;
				MTL_ENABLE_DEBUG_INFO = NO;
				SDKROOT = iphoneos;
				VALIDATE_PRODUCT = YES;
			};
			name = Release;
		};
		3521E60F1BD2BB91006D39BD /* Debug */ = {
			isa = XCBuildConfiguration;
			buildSettings = {
				ASSETCATALOG_COMPILER_APPICON_NAME = AppIcon;
				INFOPLIST_FILE = DycksSpecial/Info.plist;
				LD_RUNPATH_SEARCH_PATHS = "$(inherited) @executable_path/Frameworks";
				PRODUCT_BUNDLE_IDENTIFIER = com.evanbaumgardner.DycksSpecial;
				PRODUCT_NAME = "$(TARGET_NAME)";
				TARGETED_DEVICE_FAMILY = 1;
			};
			name = Debug;
		};
		3521E6101BD2BB91006D39BD /* Release */ = {
			isa = XCBuildConfiguration;
			buildSettings = {
				ASSETCATALOG_COMPILER_APPICON_NAME = AppIcon;
				INFOPLIST_FILE = DycksSpecial/Info.plist;
				LD_RUNPATH_SEARCH_PATHS = "$(inherited) @executable_path/Frameworks";
				PRODUCT_BUNDLE_IDENTIFIER = com.evanbaumgardner.DycksSpecial;
				PRODUCT_NAME = "$(TARGET_NAME)";
				TARGETED_DEVICE_FAMILY = 1;
			};
			name = Release;
		};
/* End XCBuildConfiguration section */

/* Begin XCConfigurationList section */
		3521E5F71BD2BB91006D39BD /* Build configuration list for PBXProject "DycksSpecial" */ = {
			isa = XCConfigurationList;
			buildConfigurations = (
				3521E60C1BD2BB91006D39BD /* Debug */,
				3521E60D1BD2BB91006D39BD /* Release */,
			);
			defaultConfigurationIsVisible = 0;
			defaultConfigurationName = Release;
		};
		3521E60E1BD2BB91006D39BD /* Build configuration list for PBXNativeTarget "DycksSpecial" */ = {
			isa = XCConfigurationList;
			buildConfigurations = (
				3521E60F1BD2BB91006D39BD /* Debug */,
				3521E6101BD2BB91006D39BD /* Release */,
			);
			defaultConfigurationIsVisible = 0;
		};
/* End XCConfigurationList section */
	};
	rootObject = 3521E5F41BD2BB91006D39BD /* Project object */;
}
